PODS:
  - Alamofire (5.6.1)
  - NMapsMap (3.16.0)
  - RxCocoa (6.5.0):
    - RxRelay (= 6.5.0)
    - RxSwift (= 6.5.0)
  - RxRelay (6.5.0):
    - RxSwift (= 6.5.0)
  - RxSwift (6.5.0)
  - SnapKit (5.6.0)

DEPENDENCIES:
  - Alamofire
  - NMapsMap
  - RxCocoa
  - RxRelay
  - RxSwift
  - SnapKit

SPEC REPOS:
  trunk:
    - Alamofire
    - NMapsMap
    - RxCocoa
    - RxRelay
    - RxSwift
    - SnapKit

SPEC CHECKSUMS:
  Alamofire: 87bd8c952f9a4454320fce00d9cc3de57bcadaf5
  NMapsMap: a2593320fca2bb09e521c05b4dffee4da42e96ed
  RxCocoa: 94f817b71c07517321eb4f9ad299112ca8af743b
  RxRelay: 1de1523e604c72b6c68feadedd1af3b1b4d0ecbd
  RxSwift: 5710a9e6b17f3c3d6e40d6e559b9fa1e813b2ef8
  SnapKit: e01d52ebb8ddbc333eefe2132acf85c8227d9c25

PODFILE CHECKSUM: e5a6e4afa6438eb8f21b4ad66c042fd838170573

COCOAPODS: 1.11.2
