// !$*UTF8*$!
{
	archiveVersion = 1;
	classes = {
	};
	objectVersion = 55;
	objects = {

/* Begin PBXBuildFile section */
		644A890728E7DFBA00883633 /* AlertBuilder.swift in Sources */ = {isa = PBXBuildFile; fileRef = 644A890628E7DFBA00883633 /* AlertBuilder.swift */; };
		644A890928E7DFBF00883633 /* AlertAction.swift in Sources */ = {isa = PBXBuildFile; fileRef = 644A890828E7DFBF00883633 /* AlertAction.swift */; };
		64B2C57328EC4883004C2D40 /* UIStackView+.swift in Sources */ = {isa = PBXBuildFile; fileRef = 64B2C57228EC4883004C2D40 /* UIStackView+.swift */; };
		64B2C58128EC59C0004C2D40 /* HospitalList.xcdatamodeld in Sources */ = {isa = PBXBuildFile; fileRef = 64B2C57F28EC59C0004C2D40 /* HospitalList.xcdatamodeld */; };
		64B2C58828EC6348004C2D40 /* PersistentManager.swift in Sources */ = {isa = PBXBuildFile; fileRef = 64B2C58728EC6348004C2D40 /* PersistentManager.swift */; };
		64B2C58B28EC644F004C2D40 /* HospitalEntity+CoreDataClass.swift in Sources */ = {isa = PBXBuildFile; fileRef = 64B2C58928EC644F004C2D40 /* HospitalEntity+CoreDataClass.swift */; };
		64B2C58C28EC644F004C2D40 /* HospitalEntity+CoreDataProperties.swift in Sources */ = {isa = PBXBuildFile; fileRef = 64B2C58A28EC644F004C2D40 /* HospitalEntity+CoreDataProperties.swift */; };
		64B2C58F28EC9C8C004C2D40 /* UIView+.swift in Sources */ = {isa = PBXBuildFile; fileRef = 64B2C58E28EC9C8C004C2D40 /* UIView+.swift */; };
		64E2599728EBFD0C00C197A9 /* HospitalList+Bundle.swift in Sources */ = {isa = PBXBuildFile; fileRef = 64E2599628EBFD0C00C197A9 /* HospitalList+Bundle.swift */; };
		64E2599B28EC3F4100C197A9 /* HospitalListButton.swift in Sources */ = {isa = PBXBuildFile; fileRef = 64E2599A28EC3F4100C197A9 /* HospitalListButton.swift */; };
		64E2599D28EC40EB00C197A9 /* Storage.swift in Sources */ = {isa = PBXBuildFile; fileRef = 64E2599C28EC40EB00C197A9 /* Storage.swift */; };
		64F4B2DA28E6EBB7003799C6 /* AppDelegate.swift in Sources */ = {isa = PBXBuildFile; fileRef = 64F4B2D928E6EBB7003799C6 /* AppDelegate.swift */; };
		64F4B2DC28E6EBB7003799C6 /* SceneDelegate.swift in Sources */ = {isa = PBXBuildFile; fileRef = 64F4B2DB28E6EBB7003799C6 /* SceneDelegate.swift */; };
		64F4B2DE28E6EBB7003799C6 /* ViewController.swift in Sources */ = {isa = PBXBuildFile; fileRef = 64F4B2DD28E6EBB7003799C6 /* ViewController.swift */; };
		64F4B2E328E6EBB8003799C6 /* Assets.xcassets in Resources */ = {isa = PBXBuildFile; fileRef = 64F4B2E228E6EBB8003799C6 /* Assets.xcassets */; };
		64F4B2E628E6EBB8003799C6 /* LaunchScreen.storyboard in Resources */ = {isa = PBXBuildFile; fileRef = 64F4B2E428E6EBB8003799C6 /* LaunchScreen.storyboard */; };
		F457D3440314F862A86CDB5A /* Pods_Hospital_List.framework in Frameworks */ = {isa = PBXBuildFile; fileRef = 656632C5480D632BCAAE36E4 /* Pods_Hospital_List.framework */; };
/* End PBXBuildFile section */

/* Begin PBXFileReference section */
		12DB02FA75E27D7B94AEE4F3 /* Pods-Hospital-List.debug.xcconfig */ = {isa = PBXFileReference; includeInIndex = 1; lastKnownFileType = text.xcconfig; name = "Pods-Hospital-List.debug.xcconfig"; path = "Target Support Files/Pods-Hospital-List/Pods-Hospital-List.debug.xcconfig"; sourceTree = "<group>"; };
		644A890628E7DFBA00883633 /* AlertBuilder.swift */ = {isa = PBXFileReference; lastKnownFileType = sourcecode.swift; path = AlertBuilder.swift; sourceTree = "<group>"; };
		644A890828E7DFBF00883633 /* AlertAction.swift */ = {isa = PBXFileReference; lastKnownFileType = sourcecode.swift; path = AlertAction.swift; sourceTree = "<group>"; };
		64B2C57228EC4883004C2D40 /* UIStackView+.swift */ = {isa = PBXFileReference; lastKnownFileType = sourcecode.swift; path = "UIStackView+.swift"; sourceTree = "<group>"; };
		64B2C58028EC59C0004C2D40 /* HospitalList.xcdatamodel */ = {isa = PBXFileReference; lastKnownFileType = wrapper.xcdatamodel; path = HospitalList.xcdatamodel; sourceTree = "<group>"; };
		64B2C58728EC6348004C2D40 /* PersistentManager.swift */ = {isa = PBXFileReference; lastKnownFileType = sourcecode.swift; path = PersistentManager.swift; sourceTree = "<group>"; };
		64B2C58928EC644F004C2D40 /* HospitalEntity+CoreDataClass.swift */ = {isa = PBXFileReference; lastKnownFileType = sourcecode.swift; name = "HospitalEntity+CoreDataClass.swift"; path = "/Users/eddy/Documents/Hospital-List/Hospital-List/Storage/HospitalEntity+CoreDataClass.swift"; sourceTree = "<absolute>"; };
		64B2C58A28EC644F004C2D40 /* HospitalEntity+CoreDataProperties.swift */ = {isa = PBXFileReference; lastKnownFileType = sourcecode.swift; name = "HospitalEntity+CoreDataProperties.swift"; path = "/Users/eddy/Documents/Hospital-List/Hospital-List/Storage/HospitalEntity+CoreDataProperties.swift"; sourceTree = "<absolute>"; };
		64B2C58E28EC9C8C004C2D40 /* UIView+.swift */ = {isa = PBXFileReference; lastKnownFileType = sourcecode.swift; path = "UIView+.swift"; sourceTree = "<group>"; };
		64E2599628EBFD0C00C197A9 /* HospitalList+Bundle.swift */ = {isa = PBXFileReference; lastKnownFileType = sourcecode.swift; path = "HospitalList+Bundle.swift"; sourceTree = "<group>"; };
		64E2599A28EC3F4100C197A9 /* HospitalListButton.swift */ = {isa = PBXFileReference; lastKnownFileType = sourcecode.swift; path = HospitalListButton.swift; sourceTree = "<group>"; };
		64E2599C28EC40EB00C197A9 /* Storage.swift */ = {isa = PBXFileReference; lastKnownFileType = sourcecode.swift; path = Storage.swift; sourceTree = "<group>"; };
		64E2599E28EC41FB00C197A9 /* Hospital.swift */ = {isa = PBXFileReference; lastKnownFileType = sourcecode.swift; path = Hospital.swift; sourceTree = "<group>"; };
		64F4B2D628E6EBB7003799C6 /* Hospital-List.app */ = {isa = PBXFileReference; explicitFileType = wrapper.application; includeInIndex = 0; path = "Hospital-List.app"; sourceTree = BUILT_PRODUCTS_DIR; };
		64F4B2D928E6EBB7003799C6 /* AppDelegate.swift */ = {isa = PBXFileReference; lastKnownFileType = sourcecode.swift; path = AppDelegate.swift; sourceTree = "<group>"; };
		64F4B2DB28E6EBB7003799C6 /* SceneDelegate.swift */ = {isa = PBXFileReference; lastKnownFileType = sourcecode.swift; path = SceneDelegate.swift; sourceTree = "<group>"; };
		64F4B2DD28E6EBB7003799C6 /* ViewController.swift */ = {isa = PBXFileReference; lastKnownFileType = sourcecode.swift; path = ViewController.swift; sourceTree = "<group>"; };
		64F4B2E228E6EBB8003799C6 /* Assets.xcassets */ = {isa = PBXFileReference; lastKnownFileType = folder.assetcatalog; path = Assets.xcassets; sourceTree = "<group>"; };
		64F4B2E528E6EBB8003799C6 /* Base */ = {isa = PBXFileReference; lastKnownFileType = file.storyboard; name = Base; path = Base.lproj/LaunchScreen.storyboard; sourceTree = "<group>"; };
		64F4B2E728E6EBB8003799C6 /* Info.plist */ = {isa = PBXFileReference; lastKnownFileType = text.plist.xml; path = Info.plist; sourceTree = "<group>"; };
		656632C5480D632BCAAE36E4 /* Pods_Hospital_List.framework */ = {isa = PBXFileReference; explicitFileType = wrapper.framework; includeInIndex = 0; path = Pods_Hospital_List.framework; sourceTree = BUILT_PRODUCTS_DIR; };
		DF33F44C5CADB301C0028327 /* Pods-Hospital-List.release.xcconfig */ = {isa = PBXFileReference; includeInIndex = 1; lastKnownFileType = text.xcconfig; name = "Pods-Hospital-List.release.xcconfig"; path = "Target Support Files/Pods-Hospital-List/Pods-Hospital-List.release.xcconfig"; sourceTree = "<group>"; };
/* End PBXFileReference section */

/* Begin PBXFrameworksBuildPhase section */
		64F4B2D328E6EBB7003799C6 /* Frameworks */ = {
			isa = PBXFrameworksBuildPhase;
			buildActionMask = 2147483647;
			files = (
				F457D3440314F862A86CDB5A /* Pods_Hospital_List.framework in Frameworks */,
			);
			runOnlyForDeploymentPostprocessing = 0;
		};
/* End PBXFrameworksBuildPhase section */

/* Begin PBXGroup section */
		4D7B015A2E72224216A1F737 /* Pods */ = {
			isa = PBXGroup;
			children = (
				12DB02FA75E27D7B94AEE4F3 /* Pods-Hospital-List.debug.xcconfig */,
				DF33F44C5CADB301C0028327 /* Pods-Hospital-List.release.xcconfig */,
			);
			name = Pods;
			path = Pods;
			sourceTree = "<group>";
		};
		4DEC6B686A42E4D3B392A274 /* Frameworks */ = {
			isa = PBXGroup;
			children = (
				656632C5480D632BCAAE36E4 /* Pods_Hospital_List.framework */,
			);
			name = Frameworks;
			sourceTree = "<group>";
		};
		644A892C28EBFC0200883633 /* APIKey */ = {
			isa = PBXGroup;
			children = (
				64E2599628EBFD0C00C197A9 /* HospitalList+Bundle.swift */,
			);
			path = APIKey;
			sourceTree = "<group>";
		};
		64B2C57428EC489D004C2D40 /* Utils */ = {
			isa = PBXGroup;
			children = (
				64B2C57228EC4883004C2D40 /* UIStackView+.swift */,
				644A890628E7DFBA00883633 /* AlertBuilder.swift */,
				64B2C58E28EC9C8C004C2D40 /* UIView+.swift */,
				644A890828E7DFBF00883633 /* AlertAction.swift */,
			);
			path = Utils;
			sourceTree = "<group>";
		};
		64B2C57928EC4A2B004C2D40 /* HospitalList */ = {
			isa = PBXGroup;
			children = (
				64E2599E28EC41FB00C197A9 /* Hospital.swift */,
			);
			path = HospitalList;
			sourceTree = "<group>";
		};
		64B2C57A28EC4A41004C2D40 /* Home */ = {
			isa = PBXGroup;
			children = (
				64E2599A28EC3F4100C197A9 /* HospitalListButton.swift */,
			);
			path = Home;
			sourceTree = "<group>";
		};
		64B2C58228EC5ABD004C2D40 /* Storage */ = {
			isa = PBXGroup;
			children = (
				64B2C58928EC644F004C2D40 /* HospitalEntity+CoreDataClass.swift */,
				64B2C58A28EC644F004C2D40 /* HospitalEntity+CoreDataProperties.swift */,
				64E2599C28EC40EB00C197A9 /* Storage.swift */,
				64B2C58728EC6348004C2D40 /* PersistentManager.swift */,
				64B2C57F28EC59C0004C2D40 /* HospitalList.xcdatamodeld */,
			);
			path = Storage;
			sourceTree = "<group>";
		};
		64B2C58D28EC9BB4004C2D40 /* Application */ = {
			isa = PBXGroup;
			children = (
				64F4B2D928E6EBB7003799C6 /* AppDelegate.swift */,
				64F4B2DB28E6EBB7003799C6 /* SceneDelegate.swift */,
			);
			path = Application;
			sourceTree = "<group>";
		};
		64F4B2CD28E6EBB7003799C6 = {
			isa = PBXGroup;
			children = (
				64F4B2D828E6EBB7003799C6 /* Hospital-List */,
				64F4B2D728E6EBB7003799C6 /* Products */,
				4D7B015A2E72224216A1F737 /* Pods */,
				4DEC6B686A42E4D3B392A274 /* Frameworks */,
			);
			sourceTree = "<group>";
		};
		64F4B2D728E6EBB7003799C6 /* Products */ = {
			isa = PBXGroup;
			children = (
				64F4B2D628E6EBB7003799C6 /* Hospital-List.app */,
			);
			name = Products;
			sourceTree = "<group>";
		};
		64F4B2D828E6EBB7003799C6 /* Hospital-List */ = {
			isa = PBXGroup;
			children = (
				64B2C58D28EC9BB4004C2D40 /* Application */,
				644A892C28EBFC0200883633 /* APIKey */,
				64B2C57A28EC4A41004C2D40 /* Home */,
				64B2C58228EC5ABD004C2D40 /* Storage */,
				64B2C57428EC489D004C2D40 /* Utils */,
				64F4B2E228E6EBB8003799C6 /* Assets.xcassets */,
				64F4B2E428E6EBB8003799C6 /* LaunchScreen.storyboard */,
				64F4B2E728E6EBB8003799C6 /* Info.plist */,
			);
			path = "Hospital-List";
			sourceTree = "<group>";
		};
/* End PBXGroup section */

/* Begin PBXNativeTarget section */
		64F4B2D528E6EBB7003799C6 /* Hospital-List */ = {
			isa = PBXNativeTarget;
			buildConfigurationList = 64F4B2EA28E6EBB8003799C6 /* Build configuration list for PBXNativeTarget "Hospital-List" */;
			buildPhases = (
				D65BEBFCE1B513191C8F8DAB /* [CP] Check Pods Manifest.lock */,
				64F4B2D228E6EBB7003799C6 /* Sources */,
				64F4B2D328E6EBB7003799C6 /* Frameworks */,
				64F4B2D428E6EBB7003799C6 /* Resources */,
				752B6386A4648C14867CD1EB /* [CP] Embed Pods Frameworks */,
			);
			buildRules = (
			);
			dependencies = (
			);
			name = "Hospital-List";
			productName = "Hospital-List";
			productReference = 64F4B2D628E6EBB7003799C6 /* Hospital-List.app */;
			productType = "com.apple.product-type.application";
		};
/* End PBXNativeTarget section */

/* Begin PBXProject section */
		64F4B2CE28E6EBB7003799C6 /* Project object */ = {
			isa = PBXProject;
			attributes = {
				BuildIndependentTargetsInParallel = 1;
				LastSwiftUpdateCheck = 1340;
				LastUpgradeCheck = 1340;
				TargetAttributes = {
					64F4B2D528E6EBB7003799C6 = {
						CreatedOnToolsVersion = 13.4.1;
					};
				};
			};
			buildConfigurationList = 64F4B2D128E6EBB7003799C6 /* Build configuration list for PBXProject "Hospital-List" */;
			compatibilityVersion = "Xcode 13.0";
			developmentRegion = en;
			hasScannedForEncodings = 0;
			knownRegions = (
				en,
				Base,
			);
			mainGroup = 64F4B2CD28E6EBB7003799C6;
			productRefGroup = 64F4B2D728E6EBB7003799C6 /* Products */;
			projectDirPath = "";
			projectRoot = "";
			targets = (
				64F4B2D528E6EBB7003799C6 /* Hospital-List */,
			);
		};
/* End PBXProject section */

/* Begin PBXResourcesBuildPhase section */
		64F4B2D428E6EBB7003799C6 /* Resources */ = {
			isa = PBXResourcesBuildPhase;
			buildActionMask = 2147483647;
			files = (
				64F4B2E628E6EBB8003799C6 /* LaunchScreen.storyboard in Resources */,
				64F4B2E328E6EBB8003799C6 /* Assets.xcassets in Resources */,
			);
			runOnlyForDeploymentPostprocessing = 0;
		};
/* End PBXResourcesBuildPhase section */

/* Begin PBXShellScriptBuildPhase section */
		752B6386A4648C14867CD1EB /* [CP] Embed Pods Frameworks */ = {
			isa = PBXShellScriptBuildPhase;
			buildActionMask = 2147483647;
			files = (
			);
			inputFileListPaths = (
				"${PODS_ROOT}/Target Support Files/Pods-Hospital-List/Pods-Hospital-List-frameworks-${CONFIGURATION}-input-files.xcfilelist",
			);
			name = "[CP] Embed Pods Frameworks";
			outputFileListPaths = (
				"${PODS_ROOT}/Target Support Files/Pods-Hospital-List/Pods-Hospital-List-frameworks-${CONFIGURATION}-output-files.xcfilelist",
			);
			runOnlyForDeploymentPostprocessing = 0;
			shellPath = /bin/sh;
			shellScript = "\"${PODS_ROOT}/Target Support Files/Pods-Hospital-List/Pods-Hospital-List-frameworks.sh\"\n";
			showEnvVarsInLog = 0;
		};
		D65BEBFCE1B513191C8F8DAB /* [CP] Check Pods Manifest.lock */ = {
			isa = PBXShellScriptBuildPhase;
			buildActionMask = 2147483647;
			files = (
			);
			inputFileListPaths = (
			);
			inputPaths = (
				"${PODS_PODFILE_DIR_PATH}/Podfile.lock",
				"${PODS_ROOT}/Manifest.lock",
			);
			name = "[CP] Check Pods Manifest.lock";
			outputFileListPaths = (
			);
			outputPaths = (
				"$(DERIVED_FILE_DIR)/Pods-Hospital-List-checkManifestLockResult.txt",
			);
			runOnlyForDeploymentPostprocessing = 0;
			shellPath = /bin/sh;
			shellScript = "diff \"${PODS_PODFILE_DIR_PATH}/Podfile.lock\" \"${PODS_ROOT}/Manifest.lock\" > /dev/null\nif [ $? != 0 ] ; then\n    # print error to STDERR\n    echo \"error: The sandbox is not in sync with the Podfile.lock. Run 'pod install' or update your CocoaPods installation.\" >&2\n    exit 1\nfi\n# This output is used by Xcode 'outputs' to avoid re-running this script phase.\necho \"SUCCESS\" > \"${SCRIPT_OUTPUT_FILE_0}\"\n";
			showEnvVarsInLog = 0;
		};
/* End PBXShellScriptBuildPhase section */

/* Begin PBXSourcesBuildPhase section */
		64F4B2D228E6EBB7003799C6 /* Sources */ = {
			isa = PBXSourcesBuildPhase;
			buildActionMask = 2147483647;
			files = (
				64F4B2DE28E6EBB7003799C6 /* ViewController.swift in Sources */,
				644A890928E7DFBF00883633 /* AlertAction.swift in Sources */,
				644A890728E7DFBA00883633 /* AlertBuilder.swift in Sources */,
				64E2599D28EC40EB00C197A9 /* Storage.swift in Sources */,
				64B2C58F28EC9C8C004C2D40 /* UIView+.swift in Sources */,
				64B2C58128EC59C0004C2D40 /* HospitalList.xcdatamodeld in Sources */,
				64F4B2DA28E6EBB7003799C6 /* AppDelegate.swift in Sources */,
				64F4B2DC28E6EBB7003799C6 /* SceneDelegate.swift in Sources */,
				64B2C58C28EC644F004C2D40 /* HospitalEntity+CoreDataProperties.swift in Sources */,
				64E2599B28EC3F4100C197A9 /* HospitalListButton.swift in Sources */,
				64B2C58B28EC644F004C2D40 /* HospitalEntity+CoreDataClass.swift in Sources */,
				64E2599728EBFD0C00C197A9 /* HospitalList+Bundle.swift in Sources */,
				64E2599F28EC41FB00C197A9 /* Hospital.swift in Sources */,
				64B2C57328EC4883004C2D40 /* UIStackView+.swift in Sources */,
			);
			runOnlyForDeploymentPostprocessing = 0;
		};
/* End PBXSourcesBuildPhase section */

/* Begin PBXVariantGroup section */
		64F4B2E428E6EBB8003799C6 /* LaunchScreen.storyboard */ = {
			isa = PBXVariantGroup;
			children = (
				64F4B2E528E6EBB8003799C6 /* Base */,
			);
			name = LaunchScreen.storyboard;
			sourceTree = "<group>";
		};
/* End PBXVariantGroup section */

/* Begin XCBuildConfiguration section */
		64F4B2E828E6EBB8003799C6 /* Debug */ = {
			isa = XCBuildConfiguration;
			buildSettings = {
				ALWAYS_SEARCH_USER_PATHS = NO;
				CLANG_ANALYZER_NONNULL = YES;
				CLANG_ANALYZER_NUMBER_OBJECT_CONVERSION = YES_AGGRESSIVE;
				CLANG_CXX_LANGUAGE_STANDARD = "gnu++17";
				CLANG_ENABLE_MODULES = YES;
				CLANG_ENABLE_OBJC_ARC = YES;
				CLANG_ENABLE_OBJC_WEAK = YES;
				CLANG_WARN_BLOCK_CAPTURE_AUTORELEASING = YES;
				CLANG_WARN_BOOL_CONVERSION = YES;
				CLANG_WARN_COMMA = YES;
				CLANG_WARN_CONSTANT_CONVERSION = YES;
				CLANG_WARN_DEPRECATED_OBJC_IMPLEMENTATIONS = YES;
				CLANG_WARN_DIRECT_OBJC_ISA_USAGE = YES_ERROR;
				CLANG_WARN_DOCUMENTATION_COMMENTS = YES;
				CLANG_WARN_EMPTY_BODY = YES;
				CLANG_WARN_ENUM_CONVERSION = YES;
				CLANG_WARN_INFINITE_RECURSION = YES;
				CLANG_WARN_INT_CONVERSION = YES;
				CLANG_WARN_NON_LITERAL_NULL_CONVERSION = YES;
				CLANG_WARN_OBJC_IMPLICIT_RETAIN_SELF = YES;
				CLANG_WARN_OBJC_LITERAL_CONVERSION = YES;
				CLANG_WARN_OBJC_ROOT_CLASS = YES_ERROR;
				CLANG_WARN_QUOTED_INCLUDE_IN_FRAMEWORK_HEADER = YES;
				CLANG_WARN_RANGE_LOOP_ANALYSIS = YES;
				CLANG_WARN_STRICT_PROTOTYPES = YES;
				CLANG_WARN_SUSPICIOUS_MOVE = YES;
				CLANG_WARN_UNGUARDED_AVAILABILITY = YES_AGGRESSIVE;
				CLANG_WARN_UNREACHABLE_CODE = YES;
				CLANG_WARN__DUPLICATE_METHOD_MATCH = YES;
				COPY_PHASE_STRIP = NO;
				DEBUG_INFORMATION_FORMAT = dwarf;
				ENABLE_STRICT_OBJC_MSGSEND = YES;
				ENABLE_TESTABILITY = YES;
				GCC_C_LANGUAGE_STANDARD = gnu11;
				GCC_DYNAMIC_NO_PIC = NO;
				GCC_NO_COMMON_BLOCKS = YES;
				GCC_OPTIMIZATION_LEVEL = 0;
				GCC_PREPROCESSOR_DEFINITIONS = (
					"DEBUG=1",
					"$(inherited)",
				);
				GCC_WARN_64_TO_32_BIT_CONVERSION = YES;
				GCC_WARN_ABOUT_RETURN_TYPE = YES_ERROR;
				GCC_WARN_UNDECLARED_SELECTOR = YES;
				GCC_WARN_UNINITIALIZED_AUTOS = YES_AGGRESSIVE;
				GCC_WARN_UNUSED_FUNCTION = YES;
				GCC_WARN_UNUSED_VARIABLE = YES;
				IPHONEOS_DEPLOYMENT_TARGET = 15.5;
				MTL_ENABLE_DEBUG_INFO = INCLUDE_SOURCE;
				MTL_FAST_MATH = YES;
				ONLY_ACTIVE_ARCH = YES;
				SDKROOT = iphoneos;
				SWIFT_ACTIVE_COMPILATION_CONDITIONS = DEBUG;
				SWIFT_OPTIMIZATION_LEVEL = "-Onone";
			};
			name = Debug;
		};
		64F4B2E928E6EBB8003799C6 /* Release */ = {
			isa = XCBuildConfiguration;
			buildSettings = {
				ALWAYS_SEARCH_USER_PATHS = NO;
				CLANG_ANALYZER_NONNULL = YES;
				CLANG_ANALYZER_NUMBER_OBJECT_CONVERSION = YES_AGGRESSIVE;
				CLANG_CXX_LANGUAGE_STANDARD = "gnu++17";
				CLANG_ENABLE_MODULES = YES;
				CLANG_ENABLE_OBJC_ARC = YES;
				CLANG_ENABLE_OBJC_WEAK = YES;
				CLANG_WARN_BLOCK_CAPTURE_AUTORELEASING = YES;
				CLANG_WARN_BOOL_CONVERSION = YES;
				CLANG_WARN_COMMA = YES;
				CLANG_WARN_CONSTANT_CONVERSION = YES;
				CLANG_WARN_DEPRECATED_OBJC_IMPLEMENTATIONS = YES;
				CLANG_WARN_DIRECT_OBJC_ISA_USAGE = YES_ERROR;
				CLANG_WARN_DOCUMENTATION_COMMENTS = YES;
				CLANG_WARN_EMPTY_BODY = YES;
				CLANG_WARN_ENUM_CONVERSION = YES;
				CLANG_WARN_INFINITE_RECURSION = YES;
				CLANG_WARN_INT_CONVERSION = YES;
				CLANG_WARN_NON_LITERAL_NULL_CONVERSION = YES;
				CLANG_WARN_OBJC_IMPLICIT_RETAIN_SELF = YES;
				CLANG_WARN_OBJC_LITERAL_CONVERSION = YES;
				CLANG_WARN_OBJC_ROOT_CLASS = YES_ERROR;
				CLANG_WARN_QUOTED_INCLUDE_IN_FRAMEWORK_HEADER = YES;
				CLANG_WARN_RANGE_LOOP_ANALYSIS = YES;
				CLANG_WARN_STRICT_PROTOTYPES = YES;
				CLANG_WARN_SUSPICIOUS_MOVE = YES;
				CLANG_WARN_UNGUARDED_AVAILABILITY = YES_AGGRESSIVE;
				CLANG_WARN_UNREACHABLE_CODE = YES;
				CLANG_WARN__DUPLICATE_METHOD_MATCH = YES;
				COPY_PHASE_STRIP = NO;
				DEBUG_INFORMATION_FORMAT = "dwarf-with-dsym";
				ENABLE_NS_ASSERTIONS = NO;
				ENABLE_STRICT_OBJC_MSGSEND = YES;
				GCC_C_LANGUAGE_STANDARD = gnu11;
				GCC_NO_COMMON_BLOCKS = YES;
				GCC_WARN_64_TO_32_BIT_CONVERSION = YES;
				GCC_WARN_ABOUT_RETURN_TYPE = YES_ERROR;
				GCC_WARN_UNDECLARED_SELECTOR = YES;
				GCC_WARN_UNINITIALIZED_AUTOS = YES_AGGRESSIVE;
				GCC_WARN_UNUSED_FUNCTION = YES;
				GCC_WARN_UNUSED_VARIABLE = YES;
				IPHONEOS_DEPLOYMENT_TARGET = 15.5;
				MTL_ENABLE_DEBUG_INFO = NO;
				MTL_FAST_MATH = YES;
				SDKROOT = iphoneos;
				SWIFT_COMPILATION_MODE = wholemodule;
				SWIFT_OPTIMIZATION_LEVEL = "-O";
				VALIDATE_PRODUCT = YES;
			};
			name = Release;
		};
		64F4B2EB28E6EBB8003799C6 /* Debug */ = {
			isa = XCBuildConfiguration;
			baseConfigurationReference = 12DB02FA75E27D7B94AEE4F3 /* Pods-Hospital-List.debug.xcconfig */;
			buildSettings = {
				ASSETCATALOG_COMPILER_APPICON_NAME = AppIcon;
				ASSETCATALOG_COMPILER_GLOBAL_ACCENT_COLOR_NAME = AccentColor;
				CODE_SIGN_STYLE = Automatic;
				CURRENT_PROJECT_VERSION = 1;
				DEVELOPMENT_TEAM = MTDP4HFM7X;
				GENERATE_INFOPLIST_FILE = YES;
				INFOPLIST_FILE = "Hospital-List/Info.plist";
				INFOPLIST_KEY_UIApplicationSupportsIndirectInputEvents = YES;
				INFOPLIST_KEY_UILaunchStoryboardName = LaunchScreen;
				INFOPLIST_KEY_UISupportedInterfaceOrientations_iPad = "UIInterfaceOrientationPortrait UIInterfaceOrientationPortraitUpsideDown UIInterfaceOrientationLandscapeLeft UIInterfaceOrientationLandscapeRight";
				INFOPLIST_KEY_UISupportedInterfaceOrientations_iPhone = "UIInterfaceOrientationPortrait UIInterfaceOrientationLandscapeLeft UIInterfaceOrientationLandscapeRight";
				LD_RUNPATH_SEARCH_PATHS = (
					"$(inherited)",
					"@executable_path/Frameworks",
				);
				MARKETING_VERSION = 1.0;
				PRODUCT_BUNDLE_IDENTIFIER = "com.Eddy.Hospital-List";
				PRODUCT_NAME = "$(TARGET_NAME)";
				SWIFT_EMIT_LOC_STRINGS = YES;
				SWIFT_VERSION = 5.0;
				TARGETED_DEVICE_FAMILY = "1,2";
			};
			name = Debug;
		};
		64F4B2EC28E6EBB8003799C6 /* Release */ = {
			isa = XCBuildConfiguration;
			baseConfigurationReference = DF33F44C5CADB301C0028327 /* Pods-Hospital-List.release.xcconfig */;
			buildSettings = {
				ASSETCATALOG_COMPILER_APPICON_NAME = AppIcon;
				ASSETCATALOG_COMPILER_GLOBAL_ACCENT_COLOR_NAME = AccentColor;
				CODE_SIGN_STYLE = Automatic;
				CURRENT_PROJECT_VERSION = 1;
				DEVELOPMENT_TEAM = MTDP4HFM7X;
				GENERATE_INFOPLIST_FILE = YES;
				INFOPLIST_FILE = "Hospital-List/Info.plist";
				INFOPLIST_KEY_UIApplicationSupportsIndirectInputEvents = YES;
				INFOPLIST_KEY_UILaunchStoryboardName = LaunchScreen;
				INFOPLIST_KEY_UISupportedInterfaceOrientations_iPad = "UIInterfaceOrientationPortrait UIInterfaceOrientationPortraitUpsideDown UIInterfaceOrientationLandscapeLeft UIInterfaceOrientationLandscapeRight";
				INFOPLIST_KEY_UISupportedInterfaceOrientations_iPhone = "UIInterfaceOrientationPortrait UIInterfaceOrientationLandscapeLeft UIInterfaceOrientationLandscapeRight";
				LD_RUNPATH_SEARCH_PATHS = (
					"$(inherited)",
					"@executable_path/Frameworks",
				);
				MARKETING_VERSION = 1.0;
				PRODUCT_BUNDLE_IDENTIFIER = "com.Eddy.Hospital-List";
				PRODUCT_NAME = "$(TARGET_NAME)";
				SWIFT_EMIT_LOC_STRINGS = YES;
				SWIFT_VERSION = 5.0;
				TARGETED_DEVICE_FAMILY = "1,2";
			};
			name = Release;
		};
/* End XCBuildConfiguration section */

/* Begin XCConfigurationList section */
		64F4B2D128E6EBB7003799C6 /* Build configuration list for PBXProject "Hospital-List" */ = {
			isa = XCConfigurationList;
			buildConfigurations = (
				64F4B2E828E6EBB8003799C6 /* Debug */,
				64F4B2E928E6EBB8003799C6 /* Release */,
			);
			defaultConfigurationIsVisible = 0;
			defaultConfigurationName = Release;
		};
		64F4B2EA28E6EBB8003799C6 /* Build configuration list for PBXNativeTarget "Hospital-List" */ = {
			isa = XCConfigurationList;
			buildConfigurations = (
				64F4B2EB28E6EBB8003799C6 /* Debug */,
				64F4B2EC28E6EBB8003799C6 /* Release */,
			);
			defaultConfigurationIsVisible = 0;
			defaultConfigurationName = Release;
		};
/* End XCConfigurationList section */

/* Begin XCVersionGroup section */
		64B2C57F28EC59C0004C2D40 /* HospitalList.xcdatamodeld */ = {
			isa = XCVersionGroup;
			children = (
				64B2C58028EC59C0004C2D40 /* HospitalList.xcdatamodel */,
			);
			currentVersion = 64B2C58028EC59C0004C2D40 /* HospitalList.xcdatamodel */;
			path = HospitalList.xcdatamodeld;
			sourceTree = "<group>";
			versionGroupType = wrapper.xcdatamodel;
		};
/* End XCVersionGroup section */
	};
	rootObject = 64F4B2CE28E6EBB7003799C6 /* Project object */;
}
